# This file is autogenerated, do not edit; changes may be undone by the next 'dep ensure'.


[[projects]]
  branch = "master"
  name = "github.com/looplab/fsm"
  packages = ["."]
  revision = "bcc3636384ce80a109a6039432b30ff5b82476ee"

[[projects]]
  branch = "master"
  name = "github.com/mrmagooey/fsmGraphviz"
  packages = ["."]
  revision = "3aa640706e220756e87f8ec814a18da651365b7a"

[solve-meta]
  analyzer-name = "dep"
  analyzer-version = 1
  inputs-digest = "09a01525c87407143839867c52572c31ed777afb7408aeaf5e6ebbddead76f0b"
  solver-name = "gps-cdcl"
  solver-version = 1
